Microsoft Visual Studio Solution File, Format Version 12.00
# Visual Studio Version 17
VisualStudioVersion = 17.1.32210.238
MinimumVisualStudioVersion = 10.0.40219.1
Project("{9A19103F-16F7-4668-BE54-9A1E7A4F7556}") = "BinaryPack", "src\BinaryPack\BinaryPack.csproj", "{F687958F-FCF9-430F-9C5E-857DD9C43DBA}"
EndProject
Project("{2150E333-8FDC-42A3-9474-1A3956D46DE8}") = "Unit", "Unit", "{80C7BEF2-EF0A-4C5F-864B-6113C2DE04CF}"
EndProject
Project("{9A19103F-16F7-4668-BE54-9A1E7A4F7556}") = "BinaryPack.Unit", "unit\BinaryPack.Unit\BinaryPack.Unit.csproj", "{4D7B806F-68F3-4493-98CA-E78760D4F94F}"
EndProject
Project("{D954291E-2A0B-460D-934E-DC6B0785DB48}") = "BinaryPack.Models", "unit\BinaryPack.Models\BinaryPack.Models.shproj", "{44D0250E-AC2D-48AF-A426-847EF917D151}"
EndProject
Project("{2150E333-8FDC-42A3-9474-1A3956D46DE8}") = "_SolutionItems", "_SolutionItems", "{E875B132-8D10-4958-BF2A-4EB2F8A5E6EF}"
	ProjectSection(SolutionItems) = preProject
		.gitattributes = .gitattributes
		.gitignore = .gitignore
		LICENSE = LICENSE
	EndProjectSection
EndProject
Project("{2150E333-8FDC-42A3-9474-1A3956D46DE8}") = "Samples", "Samples", "{019B7191-19E1-4900-83D7-28B7E573D242}"
EndProject
Project("{9A19103F-16F7-4668-BE54-9A1E7A4F7556}") = "BinaryPack.Benchmark", "samples\BinaryPack.Benchmark\BinaryPack.Benchmark.csproj", "{DAA147B5-FC6C-4E96-A068-797EF15EF702}"
EndProject
Project("{9A19103F-16F7-4668-BE54-9A1E7A4F7556}") = "BinaryPack.Unit.Internals", "unit\BinaryPack.Unit.Internals\BinaryPack.Unit.Internals.csproj", "{5BE9164D-2E4D-4CA3-A673-E9120A8EC597}"
EndProject
Project("{9A19103F-16F7-4668-BE54-9A1E7A4F7556}") = "BinaryPack.Comparison", "samples\BinaryPack.Comparison\BinaryPack.Comparison.csproj", "{A1501CED-18CF-475A-98F0-A2658C23B686}"
EndProject
Global
	GlobalSection(SharedMSBuildProjectFiles) = preSolution
		unit\BinaryPack.Models\BinaryPack.Models.projitems*{44d0250e-ac2d-48af-a426-847ef917d151}*SharedItemsImports = 13
		unit\BinaryPack.Models\BinaryPack.Models.projitems*{4d7b806f-68f3-4493-98ca-e78760d4f94f}*SharedItemsImports = 5
		unit\BinaryPack.Models\BinaryPack.Models.projitems*{5be9164d-2e4d-4ca3-a673-e9120a8ec597}*SharedItemsImports = 5
		unit\BinaryPack.Models\BinaryPack.Models.projitems*{a1501ced-18cf-475a-98f0-a2658c23b686}*SharedItemsImports = 5
		unit\BinaryPack.Models\BinaryPack.Models.projitems*{daa147b5-fc6c-4e96-a068-797ef15ef702}*SharedItemsImports = 5
	EndGlobalSection
	GlobalSection(SolutionConfigurationPlatforms) = preSolution
		Debug|Any CPU = Debug|Any CPU
		Release|Any CPU = Release|Any CPU
	EndGlobalSection
	GlobalSection(ProjectConfigurationPlatforms) = postSolution
		{F687958F-FCF9-430F-9C5E-857DD9C43DBA}.Debug|Any CPU.ActiveCfg = Debug|Any CPU
		{F687958F-FCF9-430F-9C5E-857DD9C43DBA}.Debug|Any CPU.Build.0 = Debug|Any CPU
		{F687958F-FCF9-430F-9C5E-857DD9C43DBA}.Release|Any CPU.ActiveCfg = Release|Any CPU
		{F687958F-FCF9-430F-9C5E-857DD9C43DBA}.Release|Any CPU.Build.0 = Release|Any CPU
		{4D7B806F-68F3-4493-98CA-E78760D4F94F}.Debug|Any CPU.ActiveCfg = Debug|Any CPU
		{4D7B806F-68F3-4493-98CA-E78760D4F94F}.Debug|Any CPU.Build.0 = Debug|Any CPU
		{4D7B806F-68F3-4493-98CA-E78760D4F94F}.Release|Any CPU.ActiveCfg = Release|Any CPU
		{4D7B806F-68F3-4493-98CA-E78760D4F94F}.Release|Any CPU.Build.0 = Release|Any CPU
		{DAA147B5-FC6C-4E96-A068-797EF15EF702}.Debug|Any CPU.ActiveCfg = Debug|Any CPU
		{DAA147B5-FC6C-4E96-A068-797EF15EF702}.Debug|Any CPU.Build.0 = Debug|Any CPU
		{DAA147B5-FC6C-4E96-A068-797EF15EF702}.Release|Any CPU.ActiveCfg = Release|Any CPU
		{DAA147B5-FC6C-4E96-A068-797EF15EF702}.Release|Any CPU.Build.0 = Release|Any CPU
		{5BE9164D-2E4D-4CA3-A673-E9120A8EC597}.Debug|Any CPU.ActiveCfg = Debug|Any CPU
		{5BE9164D-2E4D-4CA3-A673-E9120A8EC597}.Debug|Any CPU.Build.0 = Debug|Any CPU
		{5BE9164D-2E4D-4CA3-A673-E9120A8EC597}.Release|Any CPU.ActiveCfg = Release|Any CPU
		{5BE9164D-2E4D-4CA3-A673-E9120A8EC597}.Release|Any CPU.Build.0 = Release|Any CPU
		{A1501CED-18CF-475A-98F0-A2658C23B686}.Debug|Any CPU.ActiveCfg = Debug|Any CPU
		{A1501CED-18CF-475A-98F0-A2658C23B686}.Debug|Any CPU.Build.0 = Debug|Any CPU
		{A1501CED-18CF-475A-98F0-A2658C23B686}.Release|Any CPU.ActiveCfg = Release|Any CPU
		{A1501CED-18CF-475A-98F0-A2658C23B686}.Release|Any CPU.Build.0 = Release|Any CPU
	EndGlobalSection
	GlobalSection(SolutionProperties) = preSolution
		HideSolutionNode = FALSE
	EndGlobalSection
	GlobalSection(NestedProjects) = preSolution
		{4D7B806F-68F3-4493-98CA-E78760D4F94F} = {80C7BEF2-EF0A-4C5F-864B-6113C2DE04CF}
		{44D0250E-AC2D-48AF-A426-847EF917D151} = {80C7BEF2-EF0A-4C5F-864B-6113C2DE04CF}
		{DAA147B5-FC6C-4E96-A068-797EF15EF702} = {019B7191-19E1-4900-83D7-28B7E573D242}
		{5BE9164D-2E4D-4CA3-A673-E9120A8EC597} = {80C7BEF2-EF0A-4C5F-864B-6113C2DE04CF}
		{A1501CED-18CF-475A-98F0-A2658C23B686} = {019B7191-19E1-4900-83D7-28B7E573D242}
	EndGlobalSection
	GlobalSection(ExtensibilityGlobals) = postSolution
		SolutionGuid = {A51744AB-1AE0-4935-B984-CE81201E3CF6}
	EndGlobalSection
EndGlobal
